
Microsoft Visual Studio Solution File, Format Version 12.00
# Visual Studio Version 17
VisualStudioVersion = 17.4.33403.182
MinimumVisualStudioVersion = 10.0.40219.1
Project("{FAE04EC0-301F-11D3-BF4B-00C04F79EFBC}") = "SimpleLibrary", "SimpleLibrary.csproj", "{1BBF531C-B7D6-4FFA-A5C8-076BEE3CD564}"
EndProject
Global
	GlobalSection(SolutionConfigurationPlatforms) = preSolution
		Debug|Any CPU = Debug|Any CPU
		Release|Any CPU = Release|Any CPU
	EndGlobalSection
	GlobalSection(ProjectConfigurationPlatforms) = postSolution
		{1BBF531C-B7D6-4FFA-A5C8-076BEE3CD564}.Debug|Any CPU.ActiveCfg = Debug|Any CPU
		{1BBF531C-B7D6-4FFA-A5C8-076BEE3CD564}.Debug|Any CPU.Build.0 = Debug|Any CPU
		{1BBF531C-B7D6-4FFA-A5C8-076BEE3CD564}.Release|Any CPU.ActiveCfg = Release|Any CPU
		{1BBF531C-B7D6-4FFA-A5C8-076BEE3CD564}.Release|Any CPU.Build.0 = Release|Any CPU
	EndGlobalSection
	GlobalSection(SolutionProperties) = preSolution
		HideSolutionNode = FALSE
	EndGlobalSection
	GlobalSection(ExtensibilityGlobals) = postSolution
		SolutionGuid = {69507AA7-2F20-4D7D-AF67-269B601D5BDF}
	EndGlobalSection
EndGlobal
